
Microsoft Visual Studio Solution File, Format Version 12.00
# Visual Studio Version 16
VisualStudioVersion = 16.0.32126.315
MinimumVisualStudioVersion = 10.0.40219.1
Project("{FAE04EC0-301F-11D3-BF4B-00C04F79EFBC}") = "abstractclass", "abstractclass\abstractclass.csproj", "{869402C9-E6F8-48B0-89FB-C8C8E53787D9}"
EndProject
Global
	GlobalSection(SolutionConfigurationPlatforms) = preSolution
		Debug|Any CPU = Debug|Any CPU
		Release|Any CPU = Release|Any CPU
	EndGlobalSection
	GlobalSection(ProjectConfigurationPlatforms) = postSolution
		{869402C9-E6F8-48B0-89FB-C8C8E53787D9}.Debug|Any CPU.ActiveCfg = Debug|Any CPU
		{869402C9-E6F8-48B0-89FB-C8C8E53787D9}.Debug|Any CPU.Build.0 = Debug|Any CPU
		{869402C9-E6F8-48B0-89FB-C8C8E53787D9}.Release|Any CPU.ActiveCfg = Release|Any CPU
		{869402C9-E6F8-48B0-89FB-C8C8E53787D9}.Release|Any CPU.Build.0 = Release|Any CPU
	EndGlobalSection
	GlobalSection(SolutionProperties) = preSolution
		HideSolutionNode = FALSE
	EndGlobalSection
	GlobalSection(ExtensibilityGlobals) = postSolution
		SolutionGuid = {55996C24-A80D-4A60-A29E-06AF6D9674B0}
	EndGlobalSection
EndGlobal
